
Microsoft Visual Studio Solution File, Format Version 12.00
# Visual Studio Version 16
VisualStudioVersion = 16.0.29613.14
MinimumVisualStudioVersion = 10.0.40219.1
Project("{888888A0-9F3D-457C-B088-3A5042F75D52}") = "Test-Project-Git", "Test-Project-Git.pyproj", "{B6658DED-6546-4D69-83D3-B524F09C7155}"
EndProject
Global
	GlobalSection(SolutionConfigurationPlatforms) = preSolution
		Debug|Any CPU = Debug|Any CPU
		Release|Any CPU = Release|Any CPU
	EndGlobalSection
	GlobalSection(ProjectConfigurationPlatforms) = postSolution
		{B6658DED-6546-4D69-83D3-B524F09C7155}.Debug|Any CPU.ActiveCfg = Debug|Any CPU
		{B6658DED-6546-4D69-83D3-B524F09C7155}.Debug|Any CPU.Build.0 = Debug|Any CPU
		{B6658DED-6546-4D69-83D3-B524F09C7155}.Release|Any CPU.ActiveCfg = Release|Any CPU
		{B6658DED-6546-4D69-83D3-B524F09C7155}.Release|Any CPU.Build.0 = Release|Any CPU
	EndGlobalSection
	GlobalSection(SolutionProperties) = preSolution
		HideSolutionNode = FALSE
	EndGlobalSection
	GlobalSection(ExtensibilityGlobals) = postSolution
		SolutionGuid = {8E8B0CFA-EA69-4983-8DC6-C20D589C504C}
	EndGlobalSection
EndGlobal
